
Microsoft Visual Studio Solution File, Format Version 12.00
# Visual Studio Version 17
VisualStudioVersion = 17.7.34024.191
MinimumVisualStudioVersion = 10.0.40219.1
Project("{FAE04EC0-301F-11D3-BF4B-00C04F79EFBC}") = "WPF_Demo", "WPF_Demo\WPF_Demo.csproj", "{C66C02B0-9F35-4940-8B69-60F781066B22}"
EndProject
Global
	GlobalSection(SolutionConfigurationPlatforms) = preSolution
		Debug|Any CPU = Debug|Any CPU
		Release|Any CPU = Release|Any CPU
	EndGlobalSection
	GlobalSection(ProjectConfigurationPlatforms) = postSolution
		{C66C02B0-9F35-4940-8B69-60F781066B22}.Debug|Any CPU.ActiveCfg = Debug|Any CPU
		{C66C02B0-9F35-4940-8B69-60F781066B22}.Debug|Any CPU.Build.0 = Debug|Any CPU
		{C66C02B0-9F35-4940-8B69-60F781066B22}.Release|Any CPU.ActiveCfg = Release|Any CPU
		{C66C02B0-9F35-4940-8B69-60F781066B22}.Release|Any CPU.Build.0 = Release|Any CPU
	EndGlobalSection
	GlobalSection(SolutionProperties) = preSolution
		HideSolutionNode = FALSE
	EndGlobalSection
	GlobalSection(ExtensibilityGlobals) = postSolution
		SolutionGuid = {8072A505-632A-4FE7-B710-078562FDAC6C}
	EndGlobalSection
EndGlobal
